{
	"name": "anycode-vyper",
	"version": "0.1.0",
	"lockfileVersion": 2,
	"requires": true,
	"packages": {
		"": {
			"name": "anycode-vyper",
			"version": "0.1.0",
			"hasInstallScript": true,
			"license": "MIT",
			"devDependencies": {
				"@playwright/test": "^1.14.1",
				"tree-sitter-cli": "0.20.6",
				"tree-sitter-vyper": "0.1.0"
			},
			"engines": {
				"vscode": "^1.67.0"
			}
		},
		"node_modules/@playwright/test": {
			"version": "1.28.0",
			"resolved": "https://registry.npmjs.org/@playwright/test/-/test-1.28.0.tgz",
			"integrity": "sha512-vrHs5DFTPwYox5SGKq/7TDn/S4q6RA1zArd7uhO6EyP9hj3XgZBBM12ktMbnDQNxh/fL1IUKsTNLxihmsU38lQ==",
			"dev": true,
			"dependencies": {
				"@types/node": "*",
				"playwright-core": "1.28.0"
			},
			"bin": {
				"playwright": "cli.js"
			},
			"engines": {
				"node": ">=14"
			}
		},
		"node_modules/@types/node": {
			"version": "18.11.9",
			"resolved": "https://registry.npmjs.org/@types/node/-/node-18.11.9.tgz",
			"integrity": "sha512-CRpX21/kGdzjOpFsZSkcrXMGIBWMGNIHXXBVFSH+ggkftxg+XYP20TESbh+zFvFj3EQOl5byk0HTRn1IL6hbqg==",
			"dev": true
		},
		"node_modules/nan": {
			"version": "2.17.0",
			"resolved": "https://registry.npmjs.org/nan/-/nan-2.17.0.tgz",
			"integrity": "sha512-2ZTgtl0nJsO0KQCjEpxcIr5D+Yv90plTitZt9JBfQvVJDS5seMl3FOvsh3+9CoYWXf/1l5OaZzzF6nDm4cagaQ==",
			"dev": true
		},
		"node_modules/playwright-core": {
			"version": "1.28.0",
			"resolved": "https://registry.npmjs.org/playwright-core/-/playwright-core-1.28.0.tgz",
			"integrity": "sha512-nJLknd28kPBiCNTbqpu6Wmkrh63OEqJSFw9xOfL9qxfNwody7h6/L3O2dZoWQ6Oxcm0VOHjWmGiCUGkc0X3VZA==",
			"dev": true,
			"bin": {
				"playwright": "cli.js"
			},
			"engines": {
				"node": ">=14"
			}
		},
		"node_modules/tree-sitter-cli": {
			"version": "0.20.6",
			"resolved": "https://registry.npmjs.org/tree-sitter-cli/-/tree-sitter-cli-0.20.6.tgz",
			"integrity": "sha512-tjbAeuGSMhco/EnsThjWkQbDIYMDmdkWsTPsa/NJAW7bjaki9P7oM9TkLxfdlnm4LXd1wR5wVSM2/RTLtZbm6A==",
			"dev": true,
			"hasInstallScript": true,
			"bin": {
				"tree-sitter": "cli.js"
			}
		},
		"node_modules/tree-sitter-vyper": {
			"version": "0.1.0",
			"resolved": "https://registry.npmjs.org/tree-sitter-vyper/-/tree-sitter-vyper-0.1.0.tgz",
			"integrity": "sha512-YIrMleIez/nWfX5iDaB6S9MCJUqwlGMGZ/tbO/ubHIQ/Q0v/ZteZWO6OmxrfJBlF8X1ux6JuoibbzgmV/0n9Uw==",
			"dev": true,
			"hasInstallScript": true,
			"dependencies": {
				"nan": "^2.15.0"
			}
		}
	},
	"dependencies": {
		"@playwright/test": {
			"version": "1.28.0",
			"resolved": "https://registry.npmjs.org/@playwright/test/-/test-1.28.0.tgz",
			"integrity": "sha512-vrHs5DFTPwYox5SGKq/7TDn/S4q6RA1zArd7uhO6EyP9hj3XgZBBM12ktMbnDQNxh/fL1IUKsTNLxihmsU38lQ==",
			"dev": true,
			"requires": {
				"@types/node": "*",
				"playwright-core": "1.28.0"
			}
		},
		"@types/node": {
			"version": "18.11.9",
			"resolved": "https://registry.npmjs.org/@types/node/-/node-18.11.9.tgz",
			"integrity": "sha512-CRpX21/kGdzjOpFsZSkcrXMGIBWMGNIHXXBVFSH+ggkftxg+XYP20TESbh+zFvFj3EQOl5byk0HTRn1IL6hbqg==",
			"dev": true
		},
		"nan": {
			"version": "2.17.0",
			"resolved": "https://registry.npmjs.org/nan/-/nan-2.17.0.tgz",
			"integrity": "sha512-2ZTgtl0nJsO0KQCjEpxcIr5D+Yv90plTitZt9JBfQvVJDS5seMl3FOvsh3+9CoYWXf/1l5OaZzzF6nDm4cagaQ==",
			"dev": true
		},
		"playwright-core": {
			"version": "1.28.0",
			"resolved": "https://registry.npmjs.org/playwright-core/-/playwright-core-1.28.0.tgz",
			"integrity": "sha512-nJLknd28kPBiCNTbqpu6Wmkrh63OEqJSFw9xOfL9qxfNwody7h6/L3O2dZoWQ6Oxcm0VOHjWmGiCUGkc0X3VZA==",
			"dev": true
		},
		"tree-sitter-cli": {
			"version": "0.20.6",
			"resolved": "https://registry.npmjs.org/tree-sitter-cli/-/tree-sitter-cli-0.20.6.tgz",
			"integrity": "sha512-tjbAeuGSMhco/EnsThjWkQbDIYMDmdkWsTPsa/NJAW7bjaki9P7oM9TkLxfdlnm4LXd1wR5wVSM2/RTLtZbm6A==",
			"dev": true
		},
		"tree-sitter-vyper": {
			"version": "0.1.0",
			"resolved": "https://registry.npmjs.org/tree-sitter-vyper/-/tree-sitter-vyper-0.1.0.tgz",
			"integrity": "sha512-YIrMleIez/nWfX5iDaB6S9MCJUqwlGMGZ/tbO/ubHIQ/Q0v/ZteZWO6OmxrfJBlF8X1ux6JuoibbzgmV/0n9Uw==",
			"dev": true,
			"requires": {
				"nan": "^2.15.0"
			}
		}
	}
}
